
Microsoft Visual Studio Solution File, Format Version 12.00
# Visual Studio Version 16
VisualStudioVersion = 16.0.30709.64
MinimumVisualStudioVersion = 10.0.40219.1
Project("{9A19103F-16F7-4668-BE54-9A1E7A4F7556}") = "AdresBeheerOpdracht", "AdresBeheerOpdracht\AdresBeheerOpdracht.csproj", "{B6205F94-3CA8-4C43-9C94-4ED7436A9319}"
EndProject
Project("{9A19103F-16F7-4668-BE54-9A1E7A4F7556}") = "AdresBeheerOpdrachtConsoleApp", "AdresBeheerOpdrachtConsoleApp\AdresBeheerOpdrachtConsoleApp.csproj", "{00005DCD-7C33-4507-BCAE-45BF0746CC67}"
EndProject
Project("{9A19103F-16F7-4668-BE54-9A1E7A4F7556}") = "KlantBestellingen.WPF", "KlantBestellingen.WPF\KlantBestellingen.WPF.csproj", "{C1077571-8654-4A7A-A740-8149B2F53C1A}"
	ProjectSection(ProjectDependencies) = postProject
		{B6205F94-3CA8-4C43-9C94-4ED7436A9319} = {B6205F94-3CA8-4C43-9C94-4ED7436A9319}
		{00005DCD-7C33-4507-BCAE-45BF0746CC67} = {00005DCD-7C33-4507-BCAE-45BF0746CC67}
	EndProjectSection
EndProject
Project("{9A19103F-16F7-4668-BE54-9A1E7A4F7556}") = "KlantBestellingADO", "KlantBestellingADO\KlantBestellingADO.csproj", "{D26AD2EA-AEE0-4862-8318-6CC451A7C516}"
EndProject
Global
	GlobalSection(SolutionConfigurationPlatforms) = preSolution
		Debug|Any CPU = Debug|Any CPU
		Release|Any CPU = Release|Any CPU
	EndGlobalSection
	GlobalSection(ProjectConfigurationPlatforms) = postSolution
		{B6205F94-3CA8-4C43-9C94-4ED7436A9319}.Debug|Any CPU.ActiveCfg = Debug|Any CPU
		{B6205F94-3CA8-4C43-9C94-4ED7436A9319}.Debug|Any CPU.Build.0 = Debug|Any CPU
		{B6205F94-3CA8-4C43-9C94-4ED7436A9319}.Release|Any CPU.ActiveCfg = Release|Any CPU
		{B6205F94-3CA8-4C43-9C94-4ED7436A9319}.Release|Any CPU.Build.0 = Release|Any CPU
		{00005DCD-7C33-4507-BCAE-45BF0746CC67}.Debug|Any CPU.ActiveCfg = Debug|Any CPU
		{00005DCD-7C33-4507-BCAE-45BF0746CC67}.Debug|Any CPU.Build.0 = Debug|Any CPU
		{00005DCD-7C33-4507-BCAE-45BF0746CC67}.Release|Any CPU.ActiveCfg = Release|Any CPU
		{00005DCD-7C33-4507-BCAE-45BF0746CC67}.Release|Any CPU.Build.0 = Release|Any CPU
		{C1077571-8654-4A7A-A740-8149B2F53C1A}.Debug|Any CPU.ActiveCfg = Debug|Any CPU
		{C1077571-8654-4A7A-A740-8149B2F53C1A}.Debug|Any CPU.Build.0 = Debug|Any CPU
		{C1077571-8654-4A7A-A740-8149B2F53C1A}.Release|Any CPU.ActiveCfg = Release|Any CPU
		{C1077571-8654-4A7A-A740-8149B2F53C1A}.Release|Any CPU.Build.0 = Release|Any CPU
		{D26AD2EA-AEE0-4862-8318-6CC451A7C516}.Debug|Any CPU.ActiveCfg = Debug|Any CPU
		{D26AD2EA-AEE0-4862-8318-6CC451A7C516}.Debug|Any CPU.Build.0 = Debug|Any CPU
		{D26AD2EA-AEE0-4862-8318-6CC451A7C516}.Release|Any CPU.ActiveCfg = Release|Any CPU
		{D26AD2EA-AEE0-4862-8318-6CC451A7C516}.Release|Any CPU.Build.0 = Release|Any CPU
	EndGlobalSection
	GlobalSection(SolutionProperties) = preSolution
		HideSolutionNode = FALSE
	EndGlobalSection
	GlobalSection(ExtensibilityGlobals) = postSolution
		SolutionGuid = {4C02DC36-C904-488D-80A7-E8FAF3D61D6F}
	EndGlobalSection
EndGlobal
